
Microsoft Visual Studio Solution File, Format Version 12.00
# Visual Studio 2013
VisualStudioVersion = 12.0.40629.0
MinimumVisualStudioVersion = 10.0.40219.1
Project("{FAE04EC0-301F-11D3-BF4B-00C04F79EFBC}") = "StaticMicVolumeApp", "StaticMicVolumeApp\StaticMicVolumeApp.csproj", "{2E1837E8-DB7C-481F-B71F-2C85D364B2BF}"
EndProject
